// !$*UTF8*$!
{
	archiveVersion = 1;
	classes = {
	};
	objectVersion = 46;
	objects = {

/* Begin PBXBuildFile section */
		D30A182D1D2C3A0E0063F4E8 /* AppDelegate.swift in Sources */ = {isa = PBXBuildFile; fileRef = D30A182C1D2C3A0E0063F4E8 /* AppDelegate.swift */; };
		D30A18311D2C3A0E0063F4E8 /* GameScene.swift in Sources */ = {isa = PBXBuildFile; fileRef = D30A18301D2C3A0E0063F4E8 /* GameScene.swift */; };
		D30A18331D2C3A0E0063F4E8 /* GameViewController.swift in Sources */ = {isa = PBXBuildFile; fileRef = D30A18321D2C3A0E0063F4E8 /* GameViewController.swift */; };
		D30A18361D2C3A0E0063F4E8 /* Main.storyboard in Resources */ = {isa = PBXBuildFile; fileRef = D30A18341D2C3A0E0063F4E8 /* Main.storyboard */; };
		D30A18381D2C3A0E0063F4E8 /* Assets.xcassets in Resources */ = {isa = PBXBuildFile; fileRef = D30A18371D2C3A0E0063F4E8 /* Assets.xcassets */; };
		D30A183B1D2C3A0E0063F4E8 /* LaunchScreen.storyboard in Resources */ = {isa = PBXBuildFile; fileRef = D30A18391D2C3A0E0063F4E8 /* LaunchScreen.storyboard */; };
		D30A18471D2C3A620063F4E8 /* BeakerSparkTrail.sks in Resources */ = {isa = PBXBuildFile; fileRef = D30A18421D2C3A620063F4E8 /* BeakerSparkTrail.sks */; };
		D30A18481D2C3A620063F4E8 /* spark.png in Resources */ = {isa = PBXBuildFile; fileRef = D30A18431D2C3A620063F4E8 /* spark.png */; };
		D30A18491D2C3A620063F4E8 /* BeakerSmoke.sks in Resources */ = {isa = PBXBuildFile; fileRef = D30A18441D2C3A620063F4E8 /* BeakerSmoke.sks */; };
		D30A184A1D2C3A620063F4E8 /* GameOverScene.sks in Resources */ = {isa = PBXBuildFile; fileRef = D30A18451D2C3A620063F4E8 /* GameOverScene.sks */; };
		D30A184B1D2C3A620063F4E8 /* GameOverScene.swift in Sources */ = {isa = PBXBuildFile; fileRef = D30A18461D2C3A620063F4E8 /* GameOverScene.swift */; };
		D30A184D1D2C3ADC0063F4E8 /* Level4.sks in Resources */ = {isa = PBXBuildFile; fileRef = D30A184C1D2C3ADC0063F4E8 /* Level4.sks */; };
		EE123B311EC61F1500FD9ACE /* iTunesArtwork.png in Resources */ = {isa = PBXBuildFile; fileRef = EE123B2F1EC61F1500FD9ACE /* iTunesArtwork.png */; };
		EE123B321EC61F1500FD9ACE /* iTunesArtwork@2x.png in Resources */ = {isa = PBXBuildFile; fileRef = EE123B301EC61F1500FD9ACE /* iTunesArtwork@2x.png */; };
		EE27D965203F7EA000AFE5B6 /* background.mp3 in Resources */ = {isa = PBXBuildFile; fileRef = EE27D963203F7EA000AFE5B6 /* background.mp3 */; };
		EE27D966203F7EA000AFE5B6 /* yipee.mp3 in Resources */ = {isa = PBXBuildFile; fileRef = EE27D964203F7EA000AFE5B6 /* yipee.mp3 */; };
		EE29AACC22039FB40054747D /* yee.wav in Resources */ = {isa = PBXBuildFile; fileRef = EE29AACB22039FB40054747D /* yee.wav */; };
		EE4998A820644E220030ED35 /* Level3.sks in Resources */ = {isa = PBXBuildFile; fileRef = EE4998A720644E220030ED35 /* Level3.sks */; };
		EEAC1F39209B778C00D4DF0E /* Level1.sks in Resources */ = {isa = PBXBuildFile; fileRef = EEAB13E1209B6D7D00052065 /* Level1.sks */; };
		EEAC1F3A209B779100D4DF0E /* Level2.sks in Resources */ = {isa = PBXBuildFile; fileRef = EEAB13E0209B6D6A00052065 /* Level2.sks */; };
		EEE7897F208935B700661C81 /* food.bundle in Resources */ = {isa = PBXBuildFile; fileRef = EEE7897E208935B700661C81 /* food.bundle */; };
		EEE789812089360F00661C81 /* furniture.bundle in Resources */ = {isa = PBXBuildFile; fileRef = EEE789802089360F00661C81 /* furniture.bundle */; };
		EEF32F202076BEC3000018E0 /* LevelSelectScene.sks in Resources */ = {isa = PBXBuildFile; fileRef = EEF32F1F2076BEC3000018E0 /* LevelSelectScene.sks */; };
		EEF32F222076BF1A000018E0 /* LevelSelectScene.swift in Sources */ = {isa = PBXBuildFile; fileRef = EEF32F212076BF1A000018E0 /* LevelSelectScene.swift */; };
/* End PBXBuildFile section */

/* Begin PBXFileReference section */
		D30A18291D2C3A0E0063F4E8 /* EmojiSplat.app */ = {isa = PBXFileReference; explicitFileType = wrapper.application; includeInIndex = 0; path = EmojiSplat.app; sourceTree = BUILT_PRODUCTS_DIR; };
		D30A182C1D2C3A0E0063F4E8 /* AppDelegate.swift */ = {isa = PBXFileReference; lastKnownFileType = sourcecode.swift; path = AppDelegate.swift; sourceTree = "<group>"; };
		D30A18301D2C3A0E0063F4E8 /* GameScene.swift */ = {isa = PBXFileReference; lastKnownFileType = sourcecode.swift; path = GameScene.swift; sourceTree = "<group>"; };
		D30A18321D2C3A0E0063F4E8 /* GameViewController.swift */ = {isa = PBXFileReference; lastKnownFileType = sourcecode.swift; path = GameViewController.swift; sourceTree = "<group>"; };
		D30A18351D2C3A0E0063F4E8 /* Base */ = {isa = PBXFileReference; lastKnownFileType = file.storyboard; name = Base; path = Base.lproj/Main.storyboard; sourceTree = "<group>"; };
		D30A18371D2C3A0E0063F4E8 /* Assets.xcassets */ = {isa = PBXFileReference; lastKnownFileType = folder.assetcatalog; path = Assets.xcassets; sourceTree = "<group>"; };
		D30A183A1D2C3A0E0063F4E8 /* Base */ = {isa = PBXFileReference; lastKnownFileType = file.storyboard; name = Base; path = Base.lproj/LaunchScreen.storyboard; sourceTree = "<group>"; };
		D30A183C1D2C3A0E0063F4E8 /* Info.plist */ = {isa = PBXFileReference; lastKnownFileType = text.plist.xml; path = Info.plist; sourceTree = "<group>"; };
		D30A18421D2C3A620063F4E8 /* BeakerSparkTrail.sks */ = {isa = PBXFileReference; lastKnownFileType = file.sks; path = BeakerSparkTrail.sks; sourceTree = "<group>"; };
		D30A18431D2C3A620063F4E8 /* spark.png */ = {isa = PBXFileReference; lastKnownFileType = image.png; path = spark.png; sourceTree = "<group>"; };
		D30A18441D2C3A620063F4E8 /* BeakerSmoke.sks */ = {isa = PBXFileReference; lastKnownFileType = file.sks; path = BeakerSmoke.sks; sourceTree = "<group>"; };
		D30A18451D2C3A620063F4E8 /* GameOverScene.sks */ = {isa = PBXFileReference; lastKnownFileType = file.sks; path = GameOverScene.sks; sourceTree = "<group>"; };
		D30A18461D2C3A620063F4E8 /* GameOverScene.swift */ = {isa = PBXFileReference; fileEncoding = 4; lastKnownFileType = sourcecode.swift; path = GameOverScene.swift; sourceTree = "<group>"; };
		D30A184C1D2C3ADC0063F4E8 /* Level4.sks */ = {isa = PBXFileReference; lastKnownFileType = file.sks; path = Level4.sks; sourceTree = "<group>"; };
		EE123B2F1EC61F1500FD9ACE /* iTunesArtwork.png */ = {isa = PBXFileReference; lastKnownFileType = image.png; path = iTunesArtwork.png; sourceTree = "<group>"; };
		EE123B301EC61F1500FD9ACE /* iTunesArtwork@2x.png */ = {isa = PBXFileReference; lastKnownFileType = image.png; path = "iTunesArtwork@2x.png"; sourceTree = "<group>"; };
		EE27D963203F7EA000AFE5B6 /* background.mp3 */ = {isa = PBXFileReference; lastKnownFileType = audio.mp3; path = background.mp3; sourceTree = "<group>"; };
		EE27D964203F7EA000AFE5B6 /* yipee.mp3 */ = {isa = PBXFileReference; lastKnownFileType = audio.mp3; path = yipee.mp3; sourceTree = "<group>"; };
		EE29AACB22039FB40054747D /* yee.wav */ = {isa = PBXFileReference; lastKnownFileType = audio.wav; path = yee.wav; sourceTree = "<group>"; };
		EE4998A720644E220030ED35 /* Level3.sks */ = {isa = PBXFileReference; lastKnownFileType = file.sks; path = Level3.sks; sourceTree = "<group>"; };
		EEAB13E0209B6D6A00052065 /* Level2.sks */ = {isa = PBXFileReference; lastKnownFileType = file.sks; path = Level2.sks; sourceTree = "<group>"; };
		EEAB13E1209B6D7D00052065 /* Level1.sks */ = {isa = PBXFileReference; lastKnownFileType = file.sks; path = Level1.sks; sourceTree = "<group>"; };
		EEE7897E208935B700661C81 /* food.bundle */ = {isa = PBXFileReference; lastKnownFileType = "wrapper.plug-in"; path = food.bundle; sourceTree = "<group>"; };
		EEE789802089360F00661C81 /* furniture.bundle */ = {isa = PBXFileReference; lastKnownFileType = "wrapper.plug-in"; path = furniture.bundle; sourceTree = "<group>"; };
		EEF32F1F2076BEC3000018E0 /* LevelSelectScene.sks */ = {isa = PBXFileReference; lastKnownFileType = file.sks; path = LevelSelectScene.sks; sourceTree = "<group>"; };
		EEF32F212076BF1A000018E0 /* LevelSelectScene.swift */ = {isa = PBXFileReference; lastKnownFileType = sourcecode.swift; path = LevelSelectScene.swift; sourceTree = "<group>"; };
/* End PBXFileReference section */

/* Begin PBXFrameworksBuildPhase section */
		D30A18261D2C3A0E0063F4E8 /* Frameworks */ = {
			isa = PBXFrameworksBuildPhase;
			buildActionMask = 2147483647;
			files = (
			);
			runOnlyForDeploymentPostprocessing = 0;
		};
/* End PBXFrameworksBuildPhase section */

/* Begin PBXGroup section */
		D30A18201D2C3A0E0063F4E8 = {
			isa = PBXGroup;
			children = (
				D30A182B1D2C3A0E0063F4E8 /* ZombieCat */,
				D30A182A1D2C3A0E0063F4E8 /* Products */,
			);
			sourceTree = "<group>";
		};
		D30A182A1D2C3A0E0063F4E8 /* Products */ = {
			isa = PBXGroup;
			children = (
				D30A18291D2C3A0E0063F4E8 /* EmojiSplat.app */,
			);
			name = Products;
			sourceTree = "<group>";
		};
		D30A182B1D2C3A0E0063F4E8 /* ZombieCat */ = {
			isa = PBXGroup;
			children = (
				D30A182C1D2C3A0E0063F4E8 /* AppDelegate.swift */,
				D30A18321D2C3A0E0063F4E8 /* GameViewController.swift */,
				EEF32F1F2076BEC3000018E0 /* LevelSelectScene.sks */,
				EEF32F212076BF1A000018E0 /* LevelSelectScene.swift */,
				EEAB13E1209B6D7D00052065 /* Level1.sks */,
				EEAB13E0209B6D6A00052065 /* Level2.sks */,
				EE4998A720644E220030ED35 /* Level3.sks */,
				D30A184C1D2C3ADC0063F4E8 /* Level4.sks */,
				D30A18301D2C3A0E0063F4E8 /* GameScene.swift */,
				D30A18421D2C3A620063F4E8 /* BeakerSparkTrail.sks */,
				D30A18431D2C3A620063F4E8 /* spark.png */,
				D30A18441D2C3A620063F4E8 /* BeakerSmoke.sks */,
				D30A18451D2C3A620063F4E8 /* GameOverScene.sks */,
				D30A18461D2C3A620063F4E8 /* GameOverScene.swift */,
				D30A18341D2C3A0E0063F4E8 /* Main.storyboard */,
				EEE789802089360F00661C81 /* furniture.bundle */,
				EEE7897E208935B700661C81 /* food.bundle */,
				EE27D962203F7E8500AFE5B6 /* sounds */,
				D30A18371D2C3A0E0063F4E8 /* Assets.xcassets */,
				EE123B2F1EC61F1500FD9ACE /* iTunesArtwork.png */,
				EE123B301EC61F1500FD9ACE /* iTunesArtwork@2x.png */,
				D30A18391D2C3A0E0063F4E8 /* LaunchScreen.storyboard */,
				D30A183C1D2C3A0E0063F4E8 /* Info.plist */,
			);
			path = ZombieCat;
			sourceTree = "<group>";
		};
		EE27D962203F7E8500AFE5B6 /* sounds */ = {
			isa = PBXGroup;
			children = (
				EE29AACB22039FB40054747D /* yee.wav */,
				EE27D963203F7EA000AFE5B6 /* background.mp3 */,
				EE27D964203F7EA000AFE5B6 /* yipee.mp3 */,
			);
			path = sounds;
			sourceTree = "<group>";
		};
/* End PBXGroup section */

/* Begin PBXNativeTarget section */
		D30A18281D2C3A0E0063F4E8 /* EmojiSplat */ = {
			isa = PBXNativeTarget;
			buildConfigurationList = D30A183F1D2C3A0E0063F4E8 /* Build configuration list for PBXNativeTarget "EmojiSplat" */;
			buildPhases = (
				D30A18251D2C3A0E0063F4E8 /* Sources */,
				D30A18261D2C3A0E0063F4E8 /* Frameworks */,
				D30A18271D2C3A0E0063F4E8 /* Resources */,
			);
			buildRules = (
			);
			dependencies = (
			);
			name = EmojiSplat;
			productName = ZombieCat;
			productReference = D30A18291D2C3A0E0063F4E8 /* EmojiSplat.app */;
			productType = "com.apple.product-type.application";
		};
/* End PBXNativeTarget section */

/* Begin PBXProject section */
		D30A18211D2C3A0E0063F4E8 /* Project object */ = {
			isa = PBXProject;
			attributes = {
				LastSwiftUpdateCheck = 0730;
				LastUpgradeCheck = 0830;
				ORGANIZATIONNAME = "Hays CISD";
				TargetAttributes = {
					D30A18281D2C3A0E0063F4E8 = {
						CreatedOnToolsVersion = 7.3.1;
						DevelopmentTeam = GH2D27RMGJ;
						DevelopmentTeamName = "Brian Broom";
						LastSwiftMigration = 0800;
					};
				};
			};
			buildConfigurationList = D30A18241D2C3A0E0063F4E8 /* Build configuration list for PBXProject "EmojiSplat" */;
			compatibilityVersion = "Xcode 3.2";
			developmentRegion = English;
			hasScannedForEncodings = 0;
			knownRegions = (
				en,
				Base,
			);
			mainGroup = D30A18201D2C3A0E0063F4E8;
			productRefGroup = D30A182A1D2C3A0E0063F4E8 /* Products */;
			projectDirPath = "";
			projectRoot = "";
			targets = (
				D30A18281D2C3A0E0063F4E8 /* EmojiSplat */,
			);
		};
/* End PBXProject section */

/* Begin PBXResourcesBuildPhase section */
		D30A18271D2C3A0E0063F4E8 /* Resources */ = {
			isa = PBXResourcesBuildPhase;
			buildActionMask = 2147483647;
			files = (
				D30A18491D2C3A620063F4E8 /* BeakerSmoke.sks in Resources */,
				EE123B321EC61F1500FD9ACE /* iTunesArtwork@2x.png in Resources */,
				EE27D966203F7EA000AFE5B6 /* yipee.mp3 in Resources */,
				D30A18481D2C3A620063F4E8 /* spark.png in Resources */,
				D30A18471D2C3A620063F4E8 /* BeakerSparkTrail.sks in Resources */,
				EEF32F202076BEC3000018E0 /* LevelSelectScene.sks in Resources */,
				EE4998A820644E220030ED35 /* Level3.sks in Resources */,
				EEAC1F3A209B779100D4DF0E /* Level2.sks in Resources */,
				EE27D965203F7EA000AFE5B6 /* background.mp3 in Resources */,
				D30A184A1D2C3A620063F4E8 /* GameOverScene.sks in Resources */,
				EEAC1F39209B778C00D4DF0E /* Level1.sks in Resources */,
				D30A184D1D2C3ADC0063F4E8 /* Level4.sks in Resources */,
				EEE7897F208935B700661C81 /* food.bundle in Resources */,
				D30A183B1D2C3A0E0063F4E8 /* LaunchScreen.storyboard in Resources */,
				EEE789812089360F00661C81 /* furniture.bundle in Resources */,
				EE123B311EC61F1500FD9ACE /* iTunesArtwork.png in Resources */,
				D30A18381D2C3A0E0063F4E8 /* Assets.xcassets in Resources */,
				EE29AACC22039FB40054747D /* yee.wav in Resources */,
				D30A18361D2C3A0E0063F4E8 /* Main.storyboard in Resources */,
			);
			runOnlyForDeploymentPostprocessing = 0;
		};
/* End PBXResourcesBuildPhase section */

/* Begin PBXSourcesBuildPhase section */
		D30A18251D2C3A0E0063F4E8 /* Sources */ = {
			isa = PBXSourcesBuildPhase;
			buildActionMask = 2147483647;
			files = (
				D30A18311D2C3A0E0063F4E8 /* GameScene.swift in Sources */,
				D30A18331D2C3A0E0063F4E8 /* GameViewController.swift in Sources */,
				D30A184B1D2C3A620063F4E8 /* GameOverScene.swift in Sources */,
				D30A182D1D2C3A0E0063F4E8 /* AppDelegate.swift in Sources */,
				EEF32F222076BF1A000018E0 /* LevelSelectScene.swift in Sources */,
			);
			runOnlyForDeploymentPostprocessing = 0;
		};
/* End PBXSourcesBuildPhase section */

/* Begin PBXVariantGroup section */
		D30A18341D2C3A0E0063F4E8 /* Main.storyboard */ = {
			isa = PBXVariantGroup;
			children = (
				D30A18351D2C3A0E0063F4E8 /* Base */,
			);
			name = Main.storyboard;
			sourceTree = "<group>";
		};
		D30A18391D2C3A0E0063F4E8 /* LaunchScreen.storyboard */ = {
			isa = PBXVariantGroup;
			children = (
				D30A183A1D2C3A0E0063F4E8 /* Base */,
			);
			name = LaunchScreen.storyboard;
			sourceTree = "<group>";
		};
/* End PBXVariantGroup section */

/* Begin XCBuildConfiguration section */
		D30A183D1D2C3A0E0063F4E8 /* Debug */ = {
			isa = XCBuildConfiguration;
			buildSettings = {
				ALWAYS_SEARCH_USER_PATHS = NO;
				CLANG_ANALYZER_NONNULL = YES;
				CLANG_CXX_LANGUAGE_STANDARD = "gnu++0x";
				CLANG_CXX_LIBRARY = "libc++";
				CLANG_ENABLE_MODULES = YES;
				CLANG_ENABLE_OBJC_ARC = YES;
				CLANG_WARN_BOOL_CONVERSION = YES;
				CLANG_WARN_CONSTANT_CONVERSION = YES;
				CLANG_WARN_DIRECT_OBJC_ISA_USAGE = YES_ERROR;
				CLANG_WARN_EMPTY_BODY = YES;
				CLANG_WARN_ENUM_CONVERSION = YES;
				CLANG_WARN_INFINITE_RECURSION = YES;
				CLANG_WARN_INT_CONVERSION = YES;
				CLANG_WARN_OBJC_ROOT_CLASS = YES_ERROR;
				CLANG_WARN_SUSPICIOUS_MOVE = YES;
				CLANG_WARN_UNREACHABLE_CODE = YES;
				CLANG_WARN__DUPLICATE_METHOD_MATCH = YES;
				"CODE_SIGN_IDENTITY[sdk=iphoneos*]" = "iPhone Developer";
				COPY_PHASE_STRIP = NO;
				DEBUG_INFORMATION_FORMAT = "dwarf-with-dsym";
				ENABLE_STRICT_OBJC_MSGSEND = YES;
				ENABLE_TESTABILITY = YES;
				GCC_C_LANGUAGE_STANDARD = gnu99;
				GCC_DYNAMIC_NO_PIC = NO;
				GCC_NO_COMMON_BLOCKS = YES;
				GCC_OPTIMIZATION_LEVEL = 0;
				GCC_PREPROCESSOR_DEFINITIONS = (
					"DEBUG=1",
					"$(inherited)",
				);
				GCC_WARN_64_TO_32_BIT_CONVERSION = YES;
				GCC_WARN_ABOUT_RETURN_TYPE = YES_ERROR;
				GCC_WARN_UNDECLARED_SELECTOR = YES;
				GCC_WARN_UNINITIALIZED_AUTOS = YES_AGGRESSIVE;
				GCC_WARN_UNUSED_FUNCTION = YES;
				GCC_WARN_UNUSED_VARIABLE = YES;
				IPHONEOS_DEPLOYMENT_TARGET = 9.3;
				MTL_ENABLE_DEBUG_INFO = YES;
				ONLY_ACTIVE_ARCH = YES;
				SDKROOT = iphoneos;
				SWIFT_OPTIMIZATION_LEVEL = "-Onone";
				TARGETED_DEVICE_FAMILY = "1,2";
			};
			name = Debug;
		};
		D30A183E1D2C3A0E0063F4E8 /* Release */ = {
			isa = XCBuildConfiguration;
			buildSettings = {
				ALWAYS_SEARCH_USER_PATHS = NO;
				CLANG_ANALYZER_NONNULL = YES;
				CLANG_CXX_LANGUAGE_STANDARD = "gnu++0x";
				CLANG_CXX_LIBRARY = "libc++";
				CLANG_ENABLE_MODULES = YES;
				CLANG_ENABLE_OBJC_ARC = YES;
				CLANG_WARN_BOOL_CONVERSION = YES;
				CLANG_WARN_CONSTANT_CONVERSION = YES;
				CLANG_WARN_DIRECT_OBJC_ISA_USAGE = YES_ERROR;
				CLANG_WARN_EMPTY_BODY = YES;
				CLANG_WARN_ENUM_CONVERSION = YES;
				CLANG_WARN_INFINITE_RECURSION = YES;
				CLANG_WARN_INT_CONVERSION = YES;
				CLANG_WARN_OBJC_ROOT_CLASS = YES_ERROR;
				CLANG_WARN_SUSPICIOUS_MOVE = YES;
				CLANG_WARN_UNREACHABLE_CODE = YES;
				CLANG_WARN__DUPLICATE_METHOD_MATCH = YES;
				"CODE_SIGN_IDENTITY[sdk=iphoneos*]" = "iPhone Developer";
				COPY_PHASE_STRIP = NO;
				DEBUG_INFORMATION_FORMAT = "dwarf-with-dsym";
				ENABLE_NS_ASSERTIONS = NO;
				ENABLE_STRICT_OBJC_MSGSEND = YES;
				GCC_C_LANGUAGE_STANDARD = gnu99;
				GCC_NO_COMMON_BLOCKS = YES;
				GCC_WARN_64_TO_32_BIT_CONVERSION = YES;
				GCC_WARN_ABOUT_RETURN_TYPE = YES_ERROR;
				GCC_WARN_UNDECLARED_SELECTOR = YES;
				GCC_WARN_UNINITIALIZED_AUTOS = YES_AGGRESSIVE;
				GCC_WARN_UNUSED_FUNCTION = YES;
				GCC_WARN_UNUSED_VARIABLE = YES;
				IPHONEOS_DEPLOYMENT_TARGET = 9.3;
				MTL_ENABLE_DEBUG_INFO = NO;
				SDKROOT = iphoneos;
				TARGETED_DEVICE_FAMILY = "1,2";
				VALIDATE_PRODUCT = YES;
			};
			name = Release;
		};
		D30A18401D2C3A0E0063F4E8 /* Debug */ = {
			isa = XCBuildConfiguration;
			buildSettings = {
				ASSETCATALOG_COMPILER_APPICON_NAME = AppIcon;
				DEVELOPMENT_TEAM = GH2D27RMGJ;
				INFOPLIST_FILE = ZombieCat/Info.plist;
				IPHONEOS_DEPLOYMENT_TARGET = 10.0;
				LD_RUNPATH_SEARCH_PATHS = "$(inherited) @executable_path/Frameworks";
				PRODUCT_BUNDLE_IDENTIFIER = net.hayscisd.EmojiSplat;
				PRODUCT_NAME = "$(TARGET_NAME)";
				SWIFT_VERSION = 3.0;
			};
			name = Debug;
		};
		D30A18411D2C3A0E0063F4E8 /* Release */ = {
			isa = XCBuildConfiguration;
			buildSettings = {
				ASSETCATALOG_COMPILER_APPICON_NAME = AppIcon;
				DEVELOPMENT_TEAM = GH2D27RMGJ;
				INFOPLIST_FILE = ZombieCat/Info.plist;
				IPHONEOS_DEPLOYMENT_TARGET = 10.0;
				LD_RUNPATH_SEARCH_PATHS = "$(inherited) @executable_path/Frameworks";
				PRODUCT_BUNDLE_IDENTIFIER = net.hayscisd.EmojiSplat;
				PRODUCT_NAME = "$(TARGET_NAME)";
				SWIFT_OPTIMIZATION_LEVEL = "-Owholemodule";
				SWIFT_VERSION = 3.0;
			};
			name = Release;
		};
/* End XCBuildConfiguration section */

/* Begin XCConfigurationList section */
		D30A18241D2C3A0E0063F4E8 /* Build configuration list for PBXProject "EmojiSplat" */ = {
			isa = XCConfigurationList;
			buildConfigurations = (
				D30A183D1D2C3A0E0063F4E8 /* Debug */,
				D30A183E1D2C3A0E0063F4E8 /* Release */,
			);
			defaultConfigurationIsVisible = 0;
			defaultConfigurationName = Release;
		};
		D30A183F1D2C3A0E0063F4E8 /* Build configuration list for PBXNativeTarget "EmojiSplat" */ = {
			isa = XCConfigurationList;
			buildConfigurations = (
				D30A18401D2C3A0E0063F4E8 /* Debug */,
				D30A18411D2C3A0E0063F4E8 /* Release */,
			);
			defaultConfigurationIsVisible = 0;
			defaultConfigurationName = Release;
		};
/* End XCConfigurationList section */
	};
	rootObject = D30A18211D2C3A0E0063F4E8 /* Project object */;
}
